// !$*UTF8*$!
{
	archiveVersion = 1;
	classes = {
	};
	objectVersion = 56;
	objects = {

/* Begin PBXBuildFile section */
		12C6768D2CBAD4C500D214CA /* TransparentLettersApp.swift in Sources */ = {isa = PBXBuildFile; fileRef = 12C6768C2CBAD4C500D214CA /* TransparentLettersApp.swift */; };
		12C6768F2CBAD4C500D214CA /* ContentView.swift in Sources */ = {isa = PBXBuildFile; fileRef = 12C6768E2CBAD4C500D214CA /* ContentView.swift */; };
		12C676942CBAD4C600D214CA /* Preview Assets.xcassets in Resources */ = {isa = PBXBuildFile; fileRef = 12C676932CBAD4C600D214CA /* Preview Assets.xcassets */; };
		12C676A02CBAD60A00D214CA /* Assets.xcassets in Resources */ = {isa = PBXBuildFile; fileRef = 12C6769F2CBAD60A00D214CA /* Assets.xcassets */; };
		12C676A22CBAD62F00D214CA /* Billing.storekit in Resources */ = {isa = PBXBuildFile; fileRef = 12C676A12CBAD62F00D214CA /* Billing.storekit */; };
		12C676AD2CBAD63D00D214CA /* HinaMincho-Regular.ttf in Resources */ = {isa = PBXBuildFile; fileRef = 12C676A32CBAD63D00D214CA /* HinaMincho-Regular.ttf */; };
		12C676AE2CBAD63D00D214CA /* MochiyPopPOne-Regular.ttf in Resources */ = {isa = PBXBuildFile; fileRef = 12C676A42CBAD63D00D214CA /* MochiyPopPOne-Regular.ttf */; };
		12C676AF2CBAD63D00D214CA /* RampartOne-Regular.ttf in Resources */ = {isa = PBXBuildFile; fileRef = 12C676A52CBAD63D00D214CA /* RampartOne-Regular.ttf */; };
		12C676B02CBAD63D00D214CA /* Times-New-Romance.ttf in Resources */ = {isa = PBXBuildFile; fileRef = 12C676A62CBAD63D00D214CA /* Times-New-Romance.ttf */; };
		12C676B12CBAD63D00D214CA /* ZenAntique-Regular.ttf in Resources */ = {isa = PBXBuildFile; fileRef = 12C676A72CBAD63D00D214CA /* ZenAntique-Regular.ttf */; };
		12C676B22CBAD63D00D214CA /* NotoSerifJP-Regular.ttf in Resources */ = {isa = PBXBuildFile; fileRef = 12C676A82CBAD63D00D214CA /* NotoSerifJP-Regular.ttf */; };
		12C676B32CBAD63D00D214CA /* NotoSansJP-Regular.ttf in Resources */ = {isa = PBXBuildFile; fileRef = 12C676A92CBAD63D00D214CA /* NotoSansJP-Regular.ttf */; };
		12C676B42CBAD63D00D214CA /* KaiseiOpti-Regular.ttf in Resources */ = {isa = PBXBuildFile; fileRef = 12C676AA2CBAD63D00D214CA /* KaiseiOpti-Regular.ttf */; };
		12C676B52CBAD63D00D214CA /* KaiseiTokumin-Regular.ttf in Resources */ = {isa = PBXBuildFile; fileRef = 12C676AB2CBAD63D00D214CA /* KaiseiTokumin-Regular.ttf */; };
		12C676B62CBAD63D00D214CA /* MPLUSRounded1c-Regular.ttf in Resources */ = {isa = PBXBuildFile; fileRef = 12C676AC2CBAD63D00D214CA /* MPLUSRounded1c-Regular.ttf */; };
		12C676BD2CBAD6C600D214CA /* ColorExtension.swift in Sources */ = {isa = PBXBuildFile; fileRef = 12C676B72CBAD6C600D214CA /* ColorExtension.swift */; };
		12C676BE2CBAD6C600D214CA /* SubscriptionState.swift in Sources */ = {isa = PBXBuildFile; fileRef = 12C676B82CBAD6C600D214CA /* SubscriptionState.swift */; };
		12C676BF2CBAD6C600D214CA /* EntitlementManager.swift in Sources */ = {isa = PBXBuildFile; fileRef = 12C676B92CBAD6C600D214CA /* EntitlementManager.swift */; };
		12C676C02CBAD6C600D214CA /* SubscriptionView.swift in Sources */ = {isa = PBXBuildFile; fileRef = 12C676BA2CBAD6C600D214CA /* SubscriptionView.swift */; };
		12C676C12CBAD6C600D214CA /* IAPManager.swift in Sources */ = {isa = PBXBuildFile; fileRef = 12C676BB2CBAD6C600D214CA /* IAPManager.swift */; };
		12C676C22CBAD6C600D214CA /* PurchaseManager.swift in Sources */ = {isa = PBXBuildFile; fileRef = 12C676BC2CBAD6C600D214CA /* PurchaseManager.swift */; };
		12C676F72CD1E47B00D214CA /* YujiSyuku-Regular.ttf in Resources */ = {isa = PBXBuildFile; fileRef = 12C676F62CD1E47B00D214CA /* YujiSyuku-Regular.ttf */; };
/* End PBXBuildFile section */

/* Begin PBXFileReference section */
		12C676892CBAD4C500D214CA /* TransparentLetters.app */ = {isa = PBXFileReference; explicitFileType = wrapper.application; includeInIndex = 0; path = TransparentLetters.app; sourceTree = BUILT_PRODUCTS_DIR; };
		12C6768C2CBAD4C500D214CA /* TransparentLettersApp.swift */ = {isa = PBXFileReference; lastKnownFileType = sourcecode.swift; path = TransparentLettersApp.swift; sourceTree = "<group>"; };
		12C6768E2CBAD4C500D214CA /* ContentView.swift */ = {isa = PBXFileReference; lastKnownFileType = sourcecode.swift; path = ContentView.swift; sourceTree = "<group>"; };
		12C676932CBAD4C600D214CA /* Preview Assets.xcassets */ = {isa = PBXFileReference; lastKnownFileType = folder.assetcatalog; path = "Preview Assets.xcassets"; sourceTree = "<group>"; };
		12C6769A2CBAD4D900D214CA /* Info.plist */ = {isa = PBXFileReference; lastKnownFileType = text.plist; path = Info.plist; sourceTree = "<group>"; };
		12C6769E2CBAD5E700D214CA /* StoreKit.framework */ = {isa = PBXFileReference; lastKnownFileType = wrapper.framework; name = StoreKit.framework; path = System/Library/Frameworks/StoreKit.framework; sourceTree = SDKROOT; };
		12C6769F2CBAD60A00D214CA /* Assets.xcassets */ = {isa = PBXFileReference; lastKnownFileType = folder.assetcatalog; name = Assets.xcassets; path = ../../../20240524_apps/TransparentLetters/TransparentLetters/Assets.xcassets; sourceTree = "<group>"; };
		12C676A12CBAD62F00D214CA /* Billing.storekit */ = {isa = PBXFileReference; fileEncoding = 4; lastKnownFileType = text; path = Billing.storekit; sourceTree = "<group>"; };
		12C676A32CBAD63D00D214CA /* HinaMincho-Regular.ttf */ = {isa = PBXFileReference; lastKnownFileType = file; path = "HinaMincho-Regular.ttf"; sourceTree = "<group>"; };
		12C676A42CBAD63D00D214CA /* MochiyPopPOne-Regular.ttf */ = {isa = PBXFileReference; lastKnownFileType = file; path = "MochiyPopPOne-Regular.ttf"; sourceTree = "<group>"; };
		12C676A52CBAD63D00D214CA /* RampartOne-Regular.ttf */ = {isa = PBXFileReference; lastKnownFileType = file; path = "RampartOne-Regular.ttf"; sourceTree = "<group>"; };
		12C676A62CBAD63D00D214CA /* Times-New-Romance.ttf */ = {isa = PBXFileReference; lastKnownFileType = file; path = "Times-New-Romance.ttf"; sourceTree = "<group>"; };
		12C676A72CBAD63D00D214CA /* ZenAntique-Regular.ttf */ = {isa = PBXFileReference; lastKnownFileType = file; path = "ZenAntique-Regular.ttf"; sourceTree = "<group>"; };
		12C676A82CBAD63D00D214CA /* NotoSerifJP-Regular.ttf */ = {isa = PBXFileReference; lastKnownFileType = file; path = "NotoSerifJP-Regular.ttf"; sourceTree = "<group>"; };
		12C676A92CBAD63D00D214CA /* NotoSansJP-Regular.ttf */ = {isa = PBXFileReference; lastKnownFileType = file; path = "NotoSansJP-Regular.ttf"; sourceTree = "<group>"; };
		12C676AA2CBAD63D00D214CA /* KaiseiOpti-Regular.ttf */ = {isa = PBXFileReference; lastKnownFileType = file; path = "KaiseiOpti-Regular.ttf"; sourceTree = "<group>"; };
		12C676AB2CBAD63D00D214CA /* KaiseiTokumin-Regular.ttf */ = {isa = PBXFileReference; lastKnownFileType = file; path = "KaiseiTokumin-Regular.ttf"; sourceTree = "<group>"; };
		12C676AC2CBAD63D00D214CA /* MPLUSRounded1c-Regular.ttf */ = {isa = PBXFileReference; lastKnownFileType = file; path = "MPLUSRounded1c-Regular.ttf"; sourceTree = "<group>"; };
		12C676B72CBAD6C600D214CA /* ColorExtension.swift */ = {isa = PBXFileReference; fileEncoding = 4; lastKnownFileType = sourcecode.swift; path = ColorExtension.swift; sourceTree = "<group>"; };
		12C676B82CBAD6C600D214CA /* SubscriptionState.swift */ = {isa = PBXFileReference; fileEncoding = 4; lastKnownFileType = sourcecode.swift; path = SubscriptionState.swift; sourceTree = "<group>"; };
		12C676B92CBAD6C600D214CA /* EntitlementManager.swift */ = {isa = PBXFileReference; fileEncoding = 4; lastKnownFileType = sourcecode.swift; path = EntitlementManager.swift; sourceTree = "<group>"; };
		12C676BA2CBAD6C600D214CA /* SubscriptionView.swift */ = {isa = PBXFileReference; fileEncoding = 4; lastKnownFileType = sourcecode.swift; path = SubscriptionView.swift; sourceTree = "<group>"; };
		12C676BB2CBAD6C600D214CA /* IAPManager.swift */ = {isa = PBXFileReference; fileEncoding = 4; lastKnownFileType = sourcecode.swift; path = IAPManager.swift; sourceTree = "<group>"; };
		12C676BC2CBAD6C600D214CA /* PurchaseManager.swift */ = {isa = PBXFileReference; fileEncoding = 4; lastKnownFileType = sourcecode.swift; path = PurchaseManager.swift; sourceTree = "<group>"; };
		12C676F62CD1E47B00D214CA /* YujiSyuku-Regular.ttf */ = {isa = PBXFileReference; lastKnownFileType = file; path = "YujiSyuku-Regular.ttf"; sourceTree = "<group>"; };
/* End PBXFileReference section */

/* Begin PBXFrameworksBuildPhase section */
		12C676862CBAD4C500D214CA /* Frameworks */ = {
			isa = PBXFrameworksBuildPhase;
			buildActionMask = 2147483647;
			files = (
			);
			runOnlyForDeploymentPostprocessing = 0;
		};
/* End PBXFrameworksBuildPhase section */

/* Begin PBXGroup section */
		12C676802CBAD4C500D214CA = {
			isa = PBXGroup;
			children = (
				12C6769D2CBAD5C400D214CA /* Frameworks */,
				12C6768B2CBAD4C500D214CA /* TransparentLetters */,
				12C6768A2CBAD4C500D214CA /* Products */,
			);
			sourceTree = "<group>";
		};
		12C6768A2CBAD4C500D214CA /* Products */ = {
			isa = PBXGroup;
			children = (
				12C676892CBAD4C500D214CA /* TransparentLetters.app */,
			);
			name = Products;
			sourceTree = "<group>";
		};
		12C6768B2CBAD4C500D214CA /* TransparentLetters */ = {
			isa = PBXGroup;
			children = (
				12C6769A2CBAD4D900D214CA /* Info.plist */,
				12C6768C2CBAD4C500D214CA /* TransparentLettersApp.swift */,
				12C6768E2CBAD4C500D214CA /* ContentView.swift */,
				12C676B72CBAD6C600D214CA /* ColorExtension.swift */,
				12C676B92CBAD6C600D214CA /* EntitlementManager.swift */,
				12C676BB2CBAD6C600D214CA /* IAPManager.swift */,
				12C676BC2CBAD6C600D214CA /* PurchaseManager.swift */,
				12C676B82CBAD6C600D214CA /* SubscriptionState.swift */,
				12C676BA2CBAD6C600D214CA /* SubscriptionView.swift */,
				12C676A32CBAD63D00D214CA /* HinaMincho-Regular.ttf */,
				12C676AA2CBAD63D00D214CA /* KaiseiOpti-Regular.ttf */,
				12C676AB2CBAD63D00D214CA /* KaiseiTokumin-Regular.ttf */,
				12C676A42CBAD63D00D214CA /* MochiyPopPOne-Regular.ttf */,
				12C676AC2CBAD63D00D214CA /* MPLUSRounded1c-Regular.ttf */,
				12C676A92CBAD63D00D214CA /* NotoSansJP-Regular.ttf */,
				12C676F62CD1E47B00D214CA /* YujiSyuku-Regular.ttf */,
				12C676A82CBAD63D00D214CA /* NotoSerifJP-Regular.ttf */,
				12C676A52CBAD63D00D214CA /* RampartOne-Regular.ttf */,
				12C676A62CBAD63D00D214CA /* Times-New-Romance.ttf */,
				12C676A72CBAD63D00D214CA /* ZenAntique-Regular.ttf */,
				12C6769F2CBAD60A00D214CA /* Assets.xcassets */,
				12C676A12CBAD62F00D214CA /* Billing.storekit */,
				12C676922CBAD4C600D214CA /* Preview Content */,
			);
			path = TransparentLetters;
			sourceTree = "<group>";
		};
		12C676922CBAD4C600D214CA /* Preview Content */ = {
			isa = PBXGroup;
			children = (
				12C676932CBAD4C600D214CA /* Preview Assets.xcassets */,
			);
			path = "Preview Content";
			sourceTree = "<group>";
		};
		12C6769D2CBAD5C400D214CA /* Frameworks */ = {
			isa = PBXGroup;
			children = (
				12C6769E2CBAD5E700D214CA /* StoreKit.framework */,
			);
			path = Frameworks;
			sourceTree = "<group>";
		};
/* End PBXGroup section */

/* Begin PBXNativeTarget section */
		12C676882CBAD4C500D214CA /* TransparentLetters */ = {
			isa = PBXNativeTarget;
			buildConfigurationList = 12C676972CBAD4C600D214CA /* Build configuration list for PBXNativeTarget "TransparentLetters" */;
			buildPhases = (
				12C676852CBAD4C500D214CA /* Sources */,
				12C676862CBAD4C500D214CA /* Frameworks */,
				12C676872CBAD4C500D214CA /* Resources */,
			);
			buildRules = (
			);
			dependencies = (
			);
			name = TransparentLetters;
			productName = TransparentLetters;
			productReference = 12C676892CBAD4C500D214CA /* TransparentLetters.app */;
			productType = "com.apple.product-type.application";
		};
/* End PBXNativeTarget section */

/* Begin PBXProject section */
		12C676812CBAD4C500D214CA /* Project object */ = {
			isa = PBXProject;
			attributes = {
				BuildIndependentTargetsInParallel = 1;
				LastSwiftUpdateCheck = 1540;
				LastUpgradeCheck = 1540;
				TargetAttributes = {
					12C676882CBAD4C500D214CA = {
						CreatedOnToolsVersion = 15.4;
					};
				};
			};
			buildConfigurationList = 12C676842CBAD4C500D214CA /* Build configuration list for PBXProject "TransparentLetters" */;
			compatibilityVersion = "Xcode 14.0";
			developmentRegion = en;
			hasScannedForEncodings = 0;
			knownRegions = (
				en,
				Base,
			);
			mainGroup = 12C676802CBAD4C500D214CA;
			productRefGroup = 12C6768A2CBAD4C500D214CA /* Products */;
			projectDirPath = "";
			projectRoot = "";
			targets = (
				12C676882CBAD4C500D214CA /* TransparentLetters */,
			);
		};
/* End PBXProject section */

/* Begin PBXResourcesBuildPhase section */
		12C676872CBAD4C500D214CA /* Resources */ = {
			isa = PBXResourcesBuildPhase;
			buildActionMask = 2147483647;
			files = (
				12C676942CBAD4C600D214CA /* Preview Assets.xcassets in Resources */,
				12C676B52CBAD63D00D214CA /* KaiseiTokumin-Regular.ttf in Resources */,
				12C676A02CBAD60A00D214CA /* Assets.xcassets in Resources */,
				12C676AF2CBAD63D00D214CA /* RampartOne-Regular.ttf in Resources */,
				12C676F72CD1E47B00D214CA /* YujiSyuku-Regular.ttf in Resources */,
				12C676A22CBAD62F00D214CA /* Billing.storekit in Resources */,
				12C676B32CBAD63D00D214CA /* NotoSansJP-Regular.ttf in Resources */,
				12C676AE2CBAD63D00D214CA /* MochiyPopPOne-Regular.ttf in Resources */,
				12C676B62CBAD63D00D214CA /* MPLUSRounded1c-Regular.ttf in Resources */,
				12C676B22CBAD63D00D214CA /* NotoSerifJP-Regular.ttf in Resources */,
				12C676B42CBAD63D00D214CA /* KaiseiOpti-Regular.ttf in Resources */,
				12C676B12CBAD63D00D214CA /* ZenAntique-Regular.ttf in Resources */,
				12C676B02CBAD63D00D214CA /* Times-New-Romance.ttf in Resources */,
				12C676AD2CBAD63D00D214CA /* HinaMincho-Regular.ttf in Resources */,
			);
			runOnlyForDeploymentPostprocessing = 0;
		};
/* End PBXResourcesBuildPhase section */

/* Begin PBXSourcesBuildPhase section */
		12C676852CBAD4C500D214CA /* Sources */ = {
			isa = PBXSourcesBuildPhase;
			buildActionMask = 2147483647;
			files = (
				12C676C12CBAD6C600D214CA /* IAPManager.swift in Sources */,
				12C676BE2CBAD6C600D214CA /* SubscriptionState.swift in Sources */,
				12C676BD2CBAD6C600D214CA /* ColorExtension.swift in Sources */,
				12C6768F2CBAD4C500D214CA /* ContentView.swift in Sources */,
				12C676BF2CBAD6C600D214CA /* EntitlementManager.swift in Sources */,
				12C6768D2CBAD4C500D214CA /* TransparentLettersApp.swift in Sources */,
				12C676C22CBAD6C600D214CA /* PurchaseManager.swift in Sources */,
				12C676C02CBAD6C600D214CA /* SubscriptionView.swift in Sources */,
			);
			runOnlyForDeploymentPostprocessing = 0;
		};
/* End PBXSourcesBuildPhase section */

/* Begin XCBuildConfiguration section */
		12C676952CBAD4C600D214CA /* Debug */ = {
			isa = XCBuildConfiguration;
			buildSettings = {
				ALWAYS_SEARCH_USER_PATHS = NO;
				ASSETCATALOG_COMPILER_GENERATE_SWIFT_ASSET_SYMBOL_EXTENSIONS = YES;
				CLANG_ANALYZER_NONNULL = YES;
				CLANG_ANALYZER_NUMBER_OBJECT_CONVERSION = YES_AGGRESSIVE;
				CLANG_CXX_LANGUAGE_STANDARD = "gnu++20";
				CLANG_ENABLE_MODULES = YES;
				CLANG_ENABLE_OBJC_ARC = YES;
				CLANG_ENABLE_OBJC_WEAK = YES;
				CLANG_WARN_BLOCK_CAPTURE_AUTORELEASING = YES;
				CLANG_WARN_BOOL_CONVERSION = YES;
				CLANG_WARN_COMMA = YES;
				CLANG_WARN_CONSTANT_CONVERSION = YES;
				CLANG_WARN_DEPRECATED_OBJC_IMPLEMENTATIONS = YES;
				CLANG_WARN_DIRECT_OBJC_ISA_USAGE = YES_ERROR;
				CLANG_WARN_DOCUMENTATION_COMMENTS = YES;
				CLANG_WARN_EMPTY_BODY = YES;
				CLANG_WARN_ENUM_CONVERSION = YES;
				CLANG_WARN_INFINITE_RECURSION = YES;
				CLANG_WARN_INT_CONVERSION = YES;
				CLANG_WARN_NON_LITERAL_NULL_CONVERSION = YES;
				CLANG_WARN_OBJC_IMPLICIT_RETAIN_SELF = YES;
				CLANG_WARN_OBJC_LITERAL_CONVERSION = YES;
				CLANG_WARN_OBJC_ROOT_CLASS = YES_ERROR;
				CLANG_WARN_QUOTED_INCLUDE_IN_FRAMEWORK_HEADER = YES;
				CLANG_WARN_RANGE_LOOP_ANALYSIS = YES;
				CLANG_WARN_STRICT_PROTOTYPES = YES;
				CLANG_WARN_SUSPICIOUS_MOVE = YES;
				CLANG_WARN_UNGUARDED_AVAILABILITY = YES_AGGRESSIVE;
				CLANG_WARN_UNREACHABLE_CODE = YES;
				CLANG_WARN__DUPLICATE_METHOD_MATCH = YES;
				COPY_PHASE_STRIP = NO;
				DEBUG_INFORMATION_FORMAT = dwarf;
				ENABLE_STRICT_OBJC_MSGSEND = YES;
				ENABLE_TESTABILITY = YES;
				ENABLE_USER_SCRIPT_SANDBOXING = YES;
				GCC_C_LANGUAGE_STANDARD = gnu17;
				GCC_DYNAMIC_NO_PIC = NO;
				GCC_NO_COMMON_BLOCKS = YES;
				GCC_OPTIMIZATION_LEVEL = 0;
				GCC_PREPROCESSOR_DEFINITIONS = (
					"DEBUG=1",
					"$(inherited)",
				);
				GCC_WARN_64_TO_32_BIT_CONVERSION = YES;
				GCC_WARN_ABOUT_RETURN_TYPE = YES_ERROR;
				GCC_WARN_UNDECLARED_SELECTOR = YES;
				GCC_WARN_UNINITIALIZED_AUTOS = YES_AGGRESSIVE;
				GCC_WARN_UNUSED_FUNCTION = YES;
				GCC_WARN_UNUSED_VARIABLE = YES;
				IPHONEOS_DEPLOYMENT_TARGET = 17.5;
				LOCALIZATION_PREFERS_STRING_CATALOGS = YES;
				MTL_ENABLE_DEBUG_INFO = INCLUDE_SOURCE;
				MTL_FAST_MATH = YES;
				ONLY_ACTIVE_ARCH = YES;
				SDKROOT = iphoneos;
				SWIFT_ACTIVE_COMPILATION_CONDITIONS = "DEBUG $(inherited)";
				SWIFT_OPTIMIZATION_LEVEL = "-Onone";
			};
			name = Debug;
		};
		12C676962CBAD4C600D214CA /* Release */ = {
			isa = XCBuildConfiguration;
			buildSettings = {
				ALWAYS_SEARCH_USER_PATHS = NO;
				ASSETCATALOG_COMPILER_GENERATE_SWIFT_ASSET_SYMBOL_EXTENSIONS = YES;
				CLANG_ANALYZER_NONNULL = YES;
				CLANG_ANALYZER_NUMBER_OBJECT_CONVERSION = YES_AGGRESSIVE;
				CLANG_CXX_LANGUAGE_STANDARD = "gnu++20";
				CLANG_ENABLE_MODULES = YES;
				CLANG_ENABLE_OBJC_ARC = YES;
				CLANG_ENABLE_OBJC_WEAK = YES;
				CLANG_WARN_BLOCK_CAPTURE_AUTORELEASING = YES;
				CLANG_WARN_BOOL_CONVERSION = YES;
				CLANG_WARN_COMMA = YES;
				CLANG_WARN_CONSTANT_CONVERSION = YES;
				CLANG_WARN_DEPRECATED_OBJC_IMPLEMENTATIONS = YES;
				CLANG_WARN_DIRECT_OBJC_ISA_USAGE = YES_ERROR;
				CLANG_WARN_DOCUMENTATION_COMMENTS = YES;
				CLANG_WARN_EMPTY_BODY = YES;
				CLANG_WARN_ENUM_CONVERSION = YES;
				CLANG_WARN_INFINITE_RECURSION = YES;
				CLANG_WARN_INT_CONVERSION = YES;
				CLANG_WARN_NON_LITERAL_NULL_CONVERSION = YES;
				CLANG_WARN_OBJC_IMPLICIT_RETAIN_SELF = YES;
				CLANG_WARN_OBJC_LITERAL_CONVERSION = YES;
				CLANG_WARN_OBJC_ROOT_CLASS = YES_ERROR;
				CLANG_WARN_QUOTED_INCLUDE_IN_FRAMEWORK_HEADER = YES;
				CLANG_WARN_RANGE_LOOP_ANALYSIS = YES;
				CLANG_WARN_STRICT_PROTOTYPES = YES;
				CLANG_WARN_SUSPICIOUS_MOVE = YES;
				CLANG_WARN_UNGUARDED_AVAILABILITY = YES_AGGRESSIVE;
				CLANG_WARN_UNREACHABLE_CODE = YES;
				CLANG_WARN__DUPLICATE_METHOD_MATCH = YES;
				COPY_PHASE_STRIP = NO;
				DEBUG_INFORMATION_FORMAT = "dwarf-with-dsym";
				ENABLE_NS_ASSERTIONS = NO;
				ENABLE_STRICT_OBJC_MSGSEND = YES;
				ENABLE_USER_SCRIPT_SANDBOXING = YES;
				GCC_C_LANGUAGE_STANDARD = gnu17;
				GCC_NO_COMMON_BLOCKS = YES;
				GCC_WARN_64_TO_32_BIT_CONVERSION = YES;
				GCC_WARN_ABOUT_RETURN_TYPE = YES_ERROR;
				GCC_WARN_UNDECLARED_SELECTOR = YES;
				GCC_WARN_UNINITIALIZED_AUTOS = YES_AGGRESSIVE;
				GCC_WARN_UNUSED_FUNCTION = YES;
				GCC_WARN_UNUSED_VARIABLE = YES;
				IPHONEOS_DEPLOYMENT_TARGET = 17.5;
				LOCALIZATION_PREFERS_STRING_CATALOGS = YES;
				MTL_ENABLE_DEBUG_INFO = NO;
				MTL_FAST_MATH = YES;
				SDKROOT = iphoneos;
				SWIFT_COMPILATION_MODE = wholemodule;
				VALIDATE_PRODUCT = YES;
			};
			name = Release;
		};
		12C676982CBAD4C600D214CA /* Debug */ = {
			isa = XCBuildConfiguration;
			buildSettings = {
				ASSETCATALOG_COMPILER_APPICON_NAME = AppIcon;
				ASSETCATALOG_COMPILER_GLOBAL_ACCENT_COLOR_NAME = AccentColor;
				CODE_SIGN_STYLE = Automatic;
				CURRENT_PROJECT_VERSION = 1;
				DEVELOPMENT_ASSET_PATHS = "\"TransparentLetters/Preview Content\"";
				DEVELOPMENT_TEAM = C63C79VH4C;
				ENABLE_PREVIEWS = YES;
				GENERATE_INFOPLIST_FILE = YES;
				INFOPLIST_FILE = TransparentLetters/Info.plist;
				INFOPLIST_KEY_CFBundleDisplayName = "透かして清書";
				INFOPLIST_KEY_UIApplicationSceneManifest_Generation = YES;
				INFOPLIST_KEY_UIApplicationSupportsIndirectInputEvents = YES;
				INFOPLIST_KEY_UILaunchScreen_Generation = YES;
				INFOPLIST_KEY_UISupportedInterfaceOrientations_iPad = "UIInterfaceOrientationPortrait UIInterfaceOrientationPortraitUpsideDown UIInterfaceOrientationLandscapeLeft UIInterfaceOrientationLandscapeRight";
				INFOPLIST_KEY_UISupportedInterfaceOrientations_iPhone = "UIInterfaceOrientationPortrait UIInterfaceOrientationLandscapeLeft UIInterfaceOrientationLandscapeRight";
				LD_RUNPATH_SEARCH_PATHS = (
					"$(inherited)",
					"@executable_path/Frameworks",
				);
				MARKETING_VERSION = 1.5;
				PRODUCT_BUNDLE_IDENTIFIER = com.gmail.goyoshin.TransparentLetters;
				PRODUCT_NAME = "$(TARGET_NAME)";
				SUPPORTED_PLATFORMS = "iphoneos iphonesimulator";
				SUPPORTS_MACCATALYST = NO;
				SUPPORTS_MAC_DESIGNED_FOR_IPHONE_IPAD = NO;
				SUPPORTS_XR_DESIGNED_FOR_IPHONE_IPAD = NO;
				SWIFT_EMIT_LOC_STRINGS = YES;
				SWIFT_VERSION = 5.0;
				TARGETED_DEVICE_FAMILY = 1;
			};
			name = Debug;
		};
		12C676992CBAD4C600D214CA /* Release */ = {
			isa = XCBuildConfiguration;
			buildSettings = {
				ASSETCATALOG_COMPILER_APPICON_NAME = AppIcon;
				ASSETCATALOG_COMPILER_GLOBAL_ACCENT_COLOR_NAME = AccentColor;
				CODE_SIGN_STYLE = Automatic;
				CURRENT_PROJECT_VERSION = 1;
				DEVELOPMENT_ASSET_PATHS = "\"TransparentLetters/Preview Content\"";
				DEVELOPMENT_TEAM = C63C79VH4C;
				ENABLE_PREVIEWS = YES;
				GENERATE_INFOPLIST_FILE = YES;
				INFOPLIST_FILE = TransparentLetters/Info.plist;
				INFOPLIST_KEY_CFBundleDisplayName = "透かして清書";
				INFOPLIST_KEY_UIApplicationSceneManifest_Generation = YES;
				INFOPLIST_KEY_UIApplicationSupportsIndirectInputEvents = YES;
				INFOPLIST_KEY_UILaunchScreen_Generation = YES;
				INFOPLIST_KEY_UISupportedInterfaceOrientations_iPad = "UIInterfaceOrientationPortrait UIInterfaceOrientationPortraitUpsideDown UIInterfaceOrientationLandscapeLeft UIInterfaceOrientationLandscapeRight";
				INFOPLIST_KEY_UISupportedInterfaceOrientations_iPhone = "UIInterfaceOrientationPortrait UIInterfaceOrientationLandscapeLeft UIInterfaceOrientationLandscapeRight";
				LD_RUNPATH_SEARCH_PATHS = (
					"$(inherited)",
					"@executable_path/Frameworks",
				);
				MARKETING_VERSION = 1.5;
				PRODUCT_BUNDLE_IDENTIFIER = com.gmail.goyoshin.TransparentLetters;
				PRODUCT_NAME = "$(TARGET_NAME)";
				SUPPORTED_PLATFORMS = "iphoneos iphonesimulator";
				SUPPORTS_MACCATALYST = NO;
				SUPPORTS_MAC_DESIGNED_FOR_IPHONE_IPAD = NO;
				SUPPORTS_XR_DESIGNED_FOR_IPHONE_IPAD = NO;
				SWIFT_EMIT_LOC_STRINGS = YES;
				SWIFT_VERSION = 5.0;
				TARGETED_DEVICE_FAMILY = 1;
			};
			name = Release;
		};
/* End XCBuildConfiguration section */

/* Begin XCConfigurationList section */
		12C676842CBAD4C500D214CA /* Build configuration list for PBXProject "TransparentLetters" */ = {
			isa = XCConfigurationList;
			buildConfigurations = (
				12C676952CBAD4C600D214CA /* Debug */,
				12C676962CBAD4C600D214CA /* Release */,
			);
			defaultConfigurationIsVisible = 0;
			defaultConfigurationName = Release;
		};
		12C676972CBAD4C600D214CA /* Build configuration list for PBXNativeTarget "TransparentLetters" */ = {
			isa = XCConfigurationList;
			buildConfigurations = (
				12C676982CBAD4C600D214CA /* Debug */,
				12C676992CBAD4C600D214CA /* Release */,
			);
			defaultConfigurationIsVisible = 0;
			defaultConfigurationName = Release;
		};
/* End XCConfigurationList section */
	};
	rootObject = 12C676812CBAD4C500D214CA /* Project object */;
}
